<?xml version="1.0" encoding="utf-8"?>
<Project ToolsVersion="4.0" xmlns:atg="http://atg.xbox.com" xmlns="http://schemas.microsoft.com/developer/msbuild/2003">
  <ItemGroup>
    <Filter Include="Resource Files">
      <UniqueIdentifier>{8e114980-c1a3-4ada-ad7c-83caadf5daeb}</UniqueIdentifier>
      <Extensions>rc;ico;cur;bmp;dlg;rc2;rct;bin;rgs;gif;jpg;jpeg;jpe</Extensions>
    </Filter>
    <Filter Include="DXUT">
      <UniqueIdentifier>{a43c5c25-0e86-4a20-b64a-883785ff74fd}</UniqueIdentifier>
    </Filter>
    <Filter Include="Shaders">
      <UniqueIdentifier>{2c3d4c8c-5d1a-459a-a05a-a4e4b608a44e}</UniqueIdentifier>
      <Extensions>fx;fxh;hlsl</Extensions>
    </Filter>
    <Filter Include="includes">
      <UniqueIdentifier>{f1eaf313-af15-469c-b2bd-9492401de4cb}</UniqueIdentifier>
    </Filter>
    <Filter Include="includes\mathfu">
      <UniqueIdentifier>{78b3e6ed-62df-4b96-ae83-5d4fda9b016f}</UniqueIdentifier>
    </Filter>
    <Filter Include="includes\mathfu\internals">
      <UniqueIdentifier>{14a4f555-eb82-4ab5-9fab-5174fde4b507}</UniqueIdentifier>
    </Filter>
  </ItemGroup>
  <ItemGroup>
    <ClInclude Include="Camera.h" />
    <ClInclude Include="includes\mathfu\constants.h">
      <Filter>includes\mathfu</Filter>
    </ClInclude>
    <ClInclude Include="includes\mathfu\glsl_mappings.h">
      <Filter>includes\mathfu</Filter>
    </ClInclude>
    <ClInclude Include="includes\mathfu\hlsl_mappings.h">
      <Filter>includes\mathfu</Filter>
    </ClInclude>
    <ClInclude Include="includes\mathfu\io.h">
      <Filter>includes\mathfu</Filter>
    </ClInclude>
    <ClInclude Include="includes\mathfu\matrix.h">
      <Filter>includes\mathfu</Filter>
    </ClInclude>
    <ClInclude Include="includes\mathfu\quaternion.h">
      <Filter>includes\mathfu</Filter>
    </ClInclude>
    <ClInclude Include="includes\mathfu\rect.h">
      <Filter>includes\mathfu</Filter>
    </ClInclude>
    <ClInclude Include="includes\mathfu\utilities.h">
      <Filter>includes\mathfu</Filter>
    </ClInclude>
    <ClInclude Include="includes\mathfu\vector.h">
      <Filter>includes\mathfu</Filter>
    </ClInclude>
    <ClInclude Include="includes\mathfu\internal\disable_warnings_begin.h">
      <Filter>includes\mathfu\internals</Filter>
    </ClInclude>
    <ClInclude Include="includes\mathfu\internal\disable_warnings_end.h">
      <Filter>includes\mathfu\internals</Filter>
    </ClInclude>
    <ClInclude Include="includes\mathfu\internal\vector_2.h">
      <Filter>includes\mathfu\internals</Filter>
    </ClInclude>
    <ClInclude Include="includes\mathfu\internal\vector_2_simd.h">
      <Filter>includes\mathfu\internals</Filter>
    </ClInclude>
    <ClInclude Include="includes\mathfu\internal\vector_3.h">
      <Filter>includes\mathfu\internals</Filter>
    </ClInclude>
    <ClInclude Include="includes\mathfu\internal\vector_3_simd.h">
      <Filter>includes\mathfu\internals</Filter>
    </ClInclude>
    <ClInclude Include="includes\mathfu\internal\vector_4.h">
      <Filter>includes\mathfu\internals</Filter>
    </ClInclude>
    <ClInclude Include="includes\mathfu\internal\vector_4_simd.h">
      <Filter>includes\mathfu\internals</Filter>
    </ClInclude>
    <ClInclude Include="FirstCamera.h" />
    <ClInclude Include="Encabezados\ClaseDevice.h" />
    <ClInclude Include="Encabezados\ClaseDeviceContext.h" />
    <ClInclude Include="Encabezados\ClaseSwapChain.h" />
    <ClInclude Include="Encabezados\ClaseBuffer.h" />
    <ClInclude Include="Encabezados\ClaseVertexBuffer.h" />
    <ClInclude Include="Encabezados\ClaseRenderTarget.h" />
    <ClInclude Include="Encabezados\ClaseRenderTargetView.h" />
    <ClInclude Include="Encabezados\ClaseTexture2D.h" />
    <ClInclude Include="Encabezados\ClaseSampleState.h" />
    <ClInclude Include="Encabezados\ClaseDepthStencil.h" />
    <ClInclude Include="Encabezados\ClaseViewport.h" />
    <ClInclude Include="Encabezados\ClaseShader.h" />
    <ClInclude Include="Encabezados\Defines.h" />
    <ClInclude Include="Encabezados\ClaseManagerInterfaz.h" />
    <ClInclude Include="imgui\imconfig.h" />
    <ClInclude Include="imgui\imgui.h" />
    <ClInclude Include="imgui\imgui_impl_dx11.h" />
    <ClInclude Include="imgui\imgui_impl_win32.h" />
    <ClInclude Include="imgui\imgui_internal.h" />
    <ClInclude Include="imgui\imstb_rectpack.h" />
    <ClInclude Include="imgui\imstb_textedit.h" />
    <ClInclude Include="imgui\imstb_truetype.h" />
  </ItemGroup>
  <ItemGroup>
    <ClCompile Include="Tutorial07.cpp" />
    <ClCompile Include="Camera.cpp" />
    <ClCompile Include="FirstCamera.cpp" />
    <ClCompile Include="CPP\ClaseDevice.cpp" />
    <ClCompile Include="CPP\ClaseDeviceContext.cpp" />
    <ClCompile Include="CPP\ClaseSwapChain.cpp" />
    <ClCompile Include="CPP\ClaseBuffer.cpp" />
    <ClCompile Include="CPP\ClaseVertexBuffer.cpp" />
    <ClCompile Include="CPP\ClaseRenderTarget.cpp" />
    <ClCompile Include="CPP\ClaseRenderTargetView.cpp" />
    <ClCompile Include="CPP\ClaseTexture2D.cpp" />
    <ClCompile Include="CPP\ClaseSampleState.cpp" />
    <ClCompile Include="CPP\ClaseDepthStencil.cpp" />
    <ClCompile Include="CPP\ClaseViewport.cpp" />
    <ClCompile Include="CPP\ClaseShader.cpp" />
    <ClCompile Include="CPP\ClaseManagerInterfaz.cpp" />
    <ClCompile Include="imgui\imgui.cpp" />
    <ClCompile Include="imgui\imgui_demo.cpp" />
    <ClCompile Include="imgui\imgui_draw.cpp" />
    <ClCompile Include="imgui\imgui_impl_dx11.cpp" />
    <ClCompile Include="imgui\imgui_impl_win32.cpp" />
    <ClCompile Include="imgui\imgui_widgets.cpp" />
  </ItemGroup>
  <ItemGroup>
    <None Include="Tutorial07.fx">
      <Filter>Shaders</Filter>
    </None>
  </ItemGroup>
  <ItemGroup>
    <CLInclude Include="resource.h">
      <Filter>Resource Files</Filter>
    </CLInclude>
    <ResourceCompile Include="Tutorial07.rc">
      <Filter>Resource Files</Filter>
    </ResourceCompile>
  </ItemGroup>
  <ItemGroup>
  </ItemGroup>
</Project>